
Microsoft Visual Studio Solution File, Format Version 12.00
# Visual Studio Version 17
VisualStudioVersion = 17.7.34009.444
MinimumVisualStudioVersion = 10.0.40219.1
Project("{9A19103F-16F7-4668-BE54-9A1E7A4F7556}") = "FantasyPlayer.Spotify", "FantasyPlayer.Spotify\FantasyPlayer.Spotify.csproj", "{64E9DE35-E1B3-467B-8AD5-E36BAB2A3F27}"
EndProject
Project("{9A19103F-16F7-4668-BE54-9A1E7A4F7556}") = "FantasyPlayer", "FantasyPlayer\FantasyPlayer.csproj", "{7C8F3B5E-12F3-43F5-9080-B58471ABB7A1}"
EndProject
Project("{9A19103F-16F7-4668-BE54-9A1E7A4F7556}") = "OtterGui", "OtterGui\OtterGui.csproj", "{DFFAFA7A-9860-473E-BBD7-D39ACE6ED7EB}"
EndProject
Project("{9A19103F-16F7-4668-BE54-9A1E7A4F7556}") = "FantasyPlayer.Mock", "FantasyPlayer.Mock\FantasyPlayer.Mock.csproj", "{668953BC-B270-43F7-952B-706ABFDD6DEC}"
EndProject
Project("{2150E333-8FDC-42A3-9474-1A3956D46DE8}") = "Solution Items", "Solution Items", "{DD773011-C54C-4776-92DD-D08035B2D436}"
	ProjectSection(SolutionItems) = preProject
		repo.json = repo.json
	EndProjectSection
EndProject
Project("{FAE04EC0-301F-11D3-BF4B-00C04F79EFBC}") = "DalaMock.Shared", "DalaMock\DalaMock.Shared\DalaMock.Shared.csproj", "{41785116-6E75-48D7-9590-6E202489271E}"
EndProject
Project("{FAE04EC0-301F-11D3-BF4B-00C04F79EFBC}") = "DalaMock.Mock", "DalaMock\DalaMock.Mock\DalaMock.Mock.csproj", "{E07B751C-DA15-4A28-AC63-C56453229718}"
EndProject
Global
	GlobalSection(SolutionConfigurationPlatforms) = preSolution
		Debug|Any CPU = Debug|Any CPU
		Release|Any CPU = Release|Any CPU
	EndGlobalSection
	GlobalSection(ProjectConfigurationPlatforms) = postSolution
		{64E9DE35-E1B3-467B-8AD5-E36BAB2A3F27}.Debug|Any CPU.ActiveCfg = Debug|Any CPU
		{64E9DE35-E1B3-467B-8AD5-E36BAB2A3F27}.Debug|Any CPU.Build.0 = Debug|Any CPU
		{64E9DE35-E1B3-467B-8AD5-E36BAB2A3F27}.Release|Any CPU.ActiveCfg = Release|Any CPU
		{64E9DE35-E1B3-467B-8AD5-E36BAB2A3F27}.Release|Any CPU.Build.0 = Release|Any CPU
		{7C8F3B5E-12F3-43F5-9080-B58471ABB7A1}.Debug|Any CPU.ActiveCfg = Debug|Any CPU
		{7C8F3B5E-12F3-43F5-9080-B58471ABB7A1}.Debug|Any CPU.Build.0 = Debug|Any CPU
		{7C8F3B5E-12F3-43F5-9080-B58471ABB7A1}.Release|Any CPU.ActiveCfg = Release|Any CPU
		{7C8F3B5E-12F3-43F5-9080-B58471ABB7A1}.Release|Any CPU.Build.0 = Release|Any CPU
		{DFFAFA7A-9860-473E-BBD7-D39ACE6ED7EB}.Debug|Any CPU.ActiveCfg = Debug|Any CPU
		{DFFAFA7A-9860-473E-BBD7-D39ACE6ED7EB}.Debug|Any CPU.Build.0 = Debug|Any CPU
		{DFFAFA7A-9860-473E-BBD7-D39ACE6ED7EB}.Release|Any CPU.ActiveCfg = Release|Any CPU
		{DFFAFA7A-9860-473E-BBD7-D39ACE6ED7EB}.Release|Any CPU.Build.0 = Release|Any CPU
		{668953BC-B270-43F7-952B-706ABFDD6DEC}.Debug|Any CPU.ActiveCfg = Debug|Any CPU
		{668953BC-B270-43F7-952B-706ABFDD6DEC}.Release|Any CPU.ActiveCfg = Release|Any CPU
		{668953BC-B270-43F7-952B-706ABFDD6DEC}.Release|Any CPU.Build.0 = Release|Any CPU
		{41785116-6E75-48D7-9590-6E202489271E}.Debug|Any CPU.ActiveCfg = Debug|Any CPU
		{41785116-6E75-48D7-9590-6E202489271E}.Debug|Any CPU.Build.0 = Debug|Any CPU
		{41785116-6E75-48D7-9590-6E202489271E}.Release|Any CPU.ActiveCfg = Release|Any CPU
		{41785116-6E75-48D7-9590-6E202489271E}.Release|Any CPU.Build.0 = Release|Any CPU
		{E07B751C-DA15-4A28-AC63-C56453229718}.Debug|Any CPU.ActiveCfg = Debug|Any CPU
		{E07B751C-DA15-4A28-AC63-C56453229718}.Debug|Any CPU.Build.0 = Debug|Any CPU
		{E07B751C-DA15-4A28-AC63-C56453229718}.Release|Any CPU.ActiveCfg = Release|Any CPU
		{E07B751C-DA15-4A28-AC63-C56453229718}.Release|Any CPU.Build.0 = Release|Any CPU
	EndGlobalSection
	GlobalSection(SolutionProperties) = preSolution
		HideSolutionNode = FALSE
	EndGlobalSection
	GlobalSection(ExtensibilityGlobals) = postSolution
		SolutionGuid = {015455EF-137F-40B2-9E94-DDC12AD3B24F}
	EndGlobalSection
EndGlobal
